{
  "nodes": {
    "flake-utils": {
      "locked": {
        "lastModified": 1667395993,
        "narHash": "sha256-nuEHfE/LcWyuSWnS8t12N1wc105Qtau+/OdUAjtQ0rA=",
        "owner": "numtide",
        "repo": "flake-utils",
        "rev": "5aed5285a952e0b949eb3ba02c12fa4fcfef535f",
        "type": "github"
      },
      "original": {
        "owner": "numtide",
        "repo": "flake-utils",
        "type": "github"
      }
    },
    "foundry": {
      "inputs": {
        "nixpkgs": "nixpkgs"
      },
      "locked": {
        "lastModified": 1675864449,
        "narHash": "sha256-jSyHo34zncehoC9mXMe8g4YQoMiYoOOb/Ncmz72Uky0=",
        "owner": "matteojoliveau",
        "repo": "nix-foundryvtt",
        "rev": "8afb0c4c4d4c7eaf91c4810cdda58538be8f1a8a",
        "type": "github"
      },
      "original": {
        "owner": "matteojoliveau",
        "repo": "nix-foundryvtt",
        "type": "github"
      }
    },
    "nixpkgs": {
      "locked": {
        "lastModified": 1675757258,
        "narHash": "sha256-pIRer8vdsoherlRKpzfnHbMZ5TsAcvRlXHCIaHkIUbg=",
        "owner": "nixos",
        "repo": "nixpkgs",
        "rev": "af96094e9b8eb162d70a84fa3b39f4b7a8b264d2",
        "type": "github"
      },
      "original": {
        "owner": "nixos",
        "ref": "nixos-22.11",
        "repo": "nixpkgs",
        "type": "github"
      }
    },
    "nixpkgs_2": {
      "locked": {
        "lastModified": 1675865654,
        "narHash": "sha256-RGFOU0jYsbg3cwfSPp8fadP1USfxx4u21qXDp0/yapA=",
        "owner": "nixos",
        "repo": "nixpkgs",
        "rev": "6b5a3cda2758d44a4898af896c2ce4886b02bc97",
        "type": "github"
      },
      "original": {
        "owner": "nixos",
        "repo": "nixpkgs",
        "type": "github"
      }
    },
    "root": {
      "inputs": {
        "flake-utils": "flake-utils",
        "foundry": "foundry",
        "nixpkgs": "nixpkgs_2"
      }
    }
  },
  "root": "root",
  "version": 7
}
